// !$*UTF8*$!
{
	archiveVersion = 1;
	classes = {
	};
	objectVersion = 46;
	objects = {

/* Begin PBXBuildFile section */
		2001D96419FAB51B0028605D /* Test.storyboard in Resources */ = {isa = PBXBuildFile; fileRef = 2001D96319FAB51B0028605D /* Test.storyboard */; };
		2001D96719FAB5B90028605D /* TestViewController.m in Sources */ = {isa = PBXBuildFile; fileRef = 2001D96619FAB5B90028605D /* TestViewController.m */; };
		204ADB8C19FDABF5006652B6 /* Movies.storyboard in Resources */ = {isa = PBXBuildFile; fileRef = 204ADB8B19FDABF5006652B6 /* Movies.storyboard */; };
		204ADB8F19FDAC07006652B6 /* MoviesViewController.m in Sources */ = {isa = PBXBuildFile; fileRef = 204ADB8E19FDAC07006652B6 /* MoviesViewController.m */; };
		204ADB9119FDAC9F006652B6 /* Main.storyboard in Resources */ = {isa = PBXBuildFile; fileRef = 204ADB9019FDAC9F006652B6 /* Main.storyboard */; };
		204ADB9419FDAF03006652B6 /* HomeViewController.m in Sources */ = {isa = PBXBuildFile; fileRef = 204ADB9319FDAF03006652B6 /* HomeViewController.m */; };
		204ADB9719FDAF15006652B6 /* ListsViewController.m in Sources */ = {isa = PBXBuildFile; fileRef = 204ADB9619FDAF15006652B6 /* ListsViewController.m */; };
		204ADB9A19FDAF23006652B6 /* ExploreViewController.m in Sources */ = {isa = PBXBuildFile; fileRef = 204ADB9919FDAF23006652B6 /* ExploreViewController.m */; };
		204ADB9D19FDAF2E006652B6 /* SettingsViewController.m in Sources */ = {isa = PBXBuildFile; fileRef = 204ADB9C19FDAF2E006652B6 /* SettingsViewController.m */; };
		23F8813519F57E0F00D82431 /* main.m in Sources */ = {isa = PBXBuildFile; fileRef = 23F8813419F57E0F00D82431 /* main.m */; };
		23F8813819F57E0F00D82431 /* AppDelegate.m in Sources */ = {isa = PBXBuildFile; fileRef = 23F8813719F57E0F00D82431 /* AppDelegate.m */; };
		23F8813E19F57E0F00D82431 /* Login.storyboard in Resources */ = {isa = PBXBuildFile; fileRef = 23F8813C19F57E0F00D82431 /* Login.storyboard */; };
		23F8814019F57E0F00D82431 /* Images.xcassets in Resources */ = {isa = PBXBuildFile; fileRef = 23F8813F19F57E0F00D82431 /* Images.xcassets */; };
		23F8814319F57E0F00D82431 /* LaunchScreen.xib in Resources */ = {isa = PBXBuildFile; fileRef = 23F8814119F57E0F00D82431 /* LaunchScreen.xib */; };
		23F8814F19F57E0F00D82431 /* MovieTimeTests.m in Sources */ = {isa = PBXBuildFile; fileRef = 23F8814E19F57E0F00D82431 /* MovieTimeTests.m */; };
		23F8815D19F5898B00D82431 /* LoginViewController.m in Sources */ = {isa = PBXBuildFile; fileRef = 23F8813A19F57E0F00D82431 /* LoginViewController.m */; };
/* End PBXBuildFile section */

/* Begin PBXContainerItemProxy section */
		23F8814919F57E0F00D82431 /* PBXContainerItemProxy */ = {
			isa = PBXContainerItemProxy;
			containerPortal = 23F8812719F57E0F00D82431 /* Project object */;
			proxyType = 1;
			remoteGlobalIDString = 23F8812E19F57E0F00D82431;
			remoteInfo = MovieTime;
		};
/* End PBXContainerItemProxy section */

/* Begin PBXFileReference section */
		2001D96319FAB51B0028605D /* Test.storyboard */ = {isa = PBXFileReference; fileEncoding = 4; lastKnownFileType = file.storyboard; path = Test.storyboard; sourceTree = "<group>"; };
		2001D96519FAB5B90028605D /* TestViewController.h */ = {isa = PBXFileReference; fileEncoding = 4; lastKnownFileType = sourcecode.c.h; name = TestViewController.h; path = ../TestViewController.h; sourceTree = "<group>"; };
		2001D96619FAB5B90028605D /* TestViewController.m */ = {isa = PBXFileReference; fileEncoding = 4; lastKnownFileType = sourcecode.c.objc; name = TestViewController.m; path = ../TestViewController.m; sourceTree = "<group>"; };
		204ADB8B19FDABF5006652B6 /* Movies.storyboard */ = {isa = PBXFileReference; fileEncoding = 4; lastKnownFileType = file.storyboard; path = Movies.storyboard; sourceTree = "<group>"; };
		204ADB8D19FDAC07006652B6 /* MoviesViewController.h */ = {isa = PBXFileReference; fileEncoding = 4; lastKnownFileType = sourcecode.c.h; path = MoviesViewController.h; sourceTree = "<group>"; };
		204ADB8E19FDAC07006652B6 /* MoviesViewController.m */ = {isa = PBXFileReference; fileEncoding = 4; lastKnownFileType = sourcecode.c.objc; path = MoviesViewController.m; sourceTree = "<group>"; };
		204ADB9019FDAC9F006652B6 /* Main.storyboard */ = {isa = PBXFileReference; fileEncoding = 4; lastKnownFileType = file.storyboard; path = Main.storyboard; sourceTree = "<group>"; };
		204ADB9219FDAF03006652B6 /* HomeViewController.h */ = {isa = PBXFileReference; fileEncoding = 4; lastKnownFileType = sourcecode.c.h; path = HomeViewController.h; sourceTree = "<group>"; };
		204ADB9319FDAF03006652B6 /* HomeViewController.m */ = {isa = PBXFileReference; fileEncoding = 4; lastKnownFileType = sourcecode.c.objc; path = HomeViewController.m; sourceTree = "<group>"; };
		204ADB9519FDAF15006652B6 /* ListsViewController.h */ = {isa = PBXFileReference; fileEncoding = 4; lastKnownFileType = sourcecode.c.h; path = ListsViewController.h; sourceTree = "<group>"; };
		204ADB9619FDAF15006652B6 /* ListsViewController.m */ = {isa = PBXFileReference; fileEncoding = 4; lastKnownFileType = sourcecode.c.objc; path = ListsViewController.m; sourceTree = "<group>"; };
		204ADB9819FDAF23006652B6 /* ExploreViewController.h */ = {isa = PBXFileReference; fileEncoding = 4; lastKnownFileType = sourcecode.c.h; path = ExploreViewController.h; sourceTree = "<group>"; };
		204ADB9919FDAF23006652B6 /* ExploreViewController.m */ = {isa = PBXFileReference; fileEncoding = 4; lastKnownFileType = sourcecode.c.objc; path = ExploreViewController.m; sourceTree = "<group>"; };
		204ADB9B19FDAF2E006652B6 /* SettingsViewController.h */ = {isa = PBXFileReference; fileEncoding = 4; lastKnownFileType = sourcecode.c.h; path = SettingsViewController.h; sourceTree = "<group>"; };
		204ADB9C19FDAF2E006652B6 /* SettingsViewController.m */ = {isa = PBXFileReference; fileEncoding = 4; lastKnownFileType = sourcecode.c.objc; path = SettingsViewController.m; sourceTree = "<group>"; };
		23F8812F19F57E0F00D82431 /* MovieTime.app */ = {isa = PBXFileReference; explicitFileType = wrapper.application; includeInIndex = 0; path = MovieTime.app; sourceTree = BUILT_PRODUCTS_DIR; };
		23F8813319F57E0F00D82431 /* Info.plist */ = {isa = PBXFileReference; lastKnownFileType = text.plist.xml; path = Info.plist; sourceTree = "<group>"; };
		23F8813419F57E0F00D82431 /* main.m */ = {isa = PBXFileReference; lastKnownFileType = sourcecode.c.objc; path = main.m; sourceTree = "<group>"; };
		23F8813619F57E0F00D82431 /* AppDelegate.h */ = {isa = PBXFileReference; lastKnownFileType = sourcecode.c.h; path = AppDelegate.h; sourceTree = "<group>"; };
		23F8813719F57E0F00D82431 /* AppDelegate.m */ = {isa = PBXFileReference; lastKnownFileType = sourcecode.c.objc; path = AppDelegate.m; sourceTree = "<group>"; };
		23F8813919F57E0F00D82431 /* LoginViewController.h */ = {isa = PBXFileReference; lastKnownFileType = sourcecode.c.h; path = LoginViewController.h; sourceTree = "<group>"; };
		23F8813A19F57E0F00D82431 /* LoginViewController.m */ = {isa = PBXFileReference; lastKnownFileType = sourcecode.c.objc; path = LoginViewController.m; sourceTree = "<group>"; };
		23F8813D19F57E0F00D82431 /* Base */ = {isa = PBXFileReference; lastKnownFileType = file.storyboard; name = Base; path = Base.lproj/Login.storyboard; sourceTree = "<group>"; };
		23F8813F19F57E0F00D82431 /* Images.xcassets */ = {isa = PBXFileReference; lastKnownFileType = folder.assetcatalog; path = Images.xcassets; sourceTree = "<group>"; };
		23F8814219F57E0F00D82431 /* Base */ = {isa = PBXFileReference; lastKnownFileType = file.xib; name = Base; path = Base.lproj/LaunchScreen.xib; sourceTree = "<group>"; };
		23F8814819F57E0F00D82431 /* MovieTimeTests.xctest */ = {isa = PBXFileReference; explicitFileType = wrapper.cfbundle; includeInIndex = 0; path = MovieTimeTests.xctest; sourceTree = BUILT_PRODUCTS_DIR; };
		23F8814D19F57E0F00D82431 /* Info.plist */ = {isa = PBXFileReference; lastKnownFileType = text.plist.xml; path = Info.plist; sourceTree = "<group>"; };
		23F8814E19F57E0F00D82431 /* MovieTimeTests.m */ = {isa = PBXFileReference; lastKnownFileType = sourcecode.c.objc; path = MovieTimeTests.m; sourceTree = "<group>"; };
/* End PBXFileReference section */

/* Begin PBXFrameworksBuildPhase section */
		23F8812C19F57E0F00D82431 /* Frameworks */ = {
			isa = PBXFrameworksBuildPhase;
			buildActionMask = 2147483647;
			files = (
			);
			runOnlyForDeploymentPostprocessing = 0;
		};
		23F8814519F57E0F00D82431 /* Frameworks */ = {
			isa = PBXFrameworksBuildPhase;
			buildActionMask = 2147483647;
			files = (
			);
			runOnlyForDeploymentPostprocessing = 0;
		};
/* End PBXFrameworksBuildPhase section */

/* Begin PBXGroup section */
		23F8812619F57E0F00D82431 = {
			isa = PBXGroup;
			children = (
				23F8813119F57E0F00D82431 /* MovieTime */,
				23F8814B19F57E0F00D82431 /* MovieTimeTests */,
				23F8813019F57E0F00D82431 /* Products */,
			);
			sourceTree = "<group>";
		};
		23F8813019F57E0F00D82431 /* Products */ = {
			isa = PBXGroup;
			children = (
				23F8812F19F57E0F00D82431 /* MovieTime.app */,
				23F8814819F57E0F00D82431 /* MovieTimeTests.xctest */,
			);
			name = Products;
			sourceTree = "<group>";
		};
		23F8813119F57E0F00D82431 /* MovieTime */ = {
			isa = PBXGroup;
			children = (
				23F8815B19F5889200D82431 /* Storyboard */,
				23F8815A19F5878F00D82431 /* Models */,
				23F8815919F5878800D82431 /* Views and Cells */,
				23F8815819F5877E00D82431 /* View Controllers */,
				23F8813F19F57E0F00D82431 /* Images.xcassets */,
				23F8813219F57E0F00D82431 /* Supporting Files */,
			);
			path = MovieTime;
			sourceTree = "<group>";
		};
		23F8813219F57E0F00D82431 /* Supporting Files */ = {
			isa = PBXGroup;
			children = (
				23F8813619F57E0F00D82431 /* AppDelegate.h */,
				23F8813719F57E0F00D82431 /* AppDelegate.m */,
				23F8814119F57E0F00D82431 /* LaunchScreen.xib */,
				23F8813319F57E0F00D82431 /* Info.plist */,
				23F8813419F57E0F00D82431 /* main.m */,
			);
			name = "Supporting Files";
			sourceTree = "<group>";
		};
		23F8814B19F57E0F00D82431 /* MovieTimeTests */ = {
			isa = PBXGroup;
			children = (
				23F8814E19F57E0F00D82431 /* MovieTimeTests.m */,
				23F8814C19F57E0F00D82431 /* Supporting Files */,
			);
			path = MovieTimeTests;
			sourceTree = "<group>";
		};
		23F8814C19F57E0F00D82431 /* Supporting Files */ = {
			isa = PBXGroup;
			children = (
				23F8814D19F57E0F00D82431 /* Info.plist */,
			);
			name = "Supporting Files";
			sourceTree = "<group>";
		};
		23F8815819F5877E00D82431 /* View Controllers */ = {
			isa = PBXGroup;
			children = (
				23F8813919F57E0F00D82431 /* LoginViewController.h */,
				23F8813A19F57E0F00D82431 /* LoginViewController.m */,
				2001D96519FAB5B90028605D /* TestViewController.h */,
				2001D96619FAB5B90028605D /* TestViewController.m */,
				204ADB9219FDAF03006652B6 /* HomeViewController.h */,
				204ADB9319FDAF03006652B6 /* HomeViewController.m */,
				204ADB8D19FDAC07006652B6 /* MoviesViewController.h */,
				204ADB8E19FDAC07006652B6 /* MoviesViewController.m */,
				204ADB9519FDAF15006652B6 /* ListsViewController.h */,
				204ADB9619FDAF15006652B6 /* ListsViewController.m */,
				204ADB9819FDAF23006652B6 /* ExploreViewController.h */,
				204ADB9919FDAF23006652B6 /* ExploreViewController.m */,
				204ADB9B19FDAF2E006652B6 /* SettingsViewController.h */,
				204ADB9C19FDAF2E006652B6 /* SettingsViewController.m */,
			);
			path = "View Controllers";
			sourceTree = "<group>";
		};
		23F8815919F5878800D82431 /* Views and Cells */ = {
			isa = PBXGroup;
			children = (
			);
			path = "Views and Cells";
			sourceTree = "<group>";
		};
		23F8815A19F5878F00D82431 /* Models */ = {
			isa = PBXGroup;
			children = (
			);
			path = Models;
			sourceTree = "<group>";
		};
		23F8815B19F5889200D82431 /* Storyboard */ = {
			isa = PBXGroup;
			children = (
				23F8813C19F57E0F00D82431 /* Login.storyboard */,
				2001D96319FAB51B0028605D /* Test.storyboard */,
				204ADB9019FDAC9F006652B6 /* Main.storyboard */,
				204ADB8B19FDABF5006652B6 /* Movies.storyboard */,
			);
			name = Storyboard;
			sourceTree = "<group>";
		};
/* End PBXGroup section */

/* Begin PBXNativeTarget section */
		23F8812E19F57E0F00D82431 /* MovieTime */ = {
			isa = PBXNativeTarget;
			buildConfigurationList = 23F8815219F57E0F00D82431 /* Build configuration list for PBXNativeTarget "MovieTime" */;
			buildPhases = (
				23F8812B19F57E0F00D82431 /* Sources */,
				23F8812C19F57E0F00D82431 /* Frameworks */,
				23F8812D19F57E0F00D82431 /* Resources */,
			);
			buildRules = (
			);
			dependencies = (
			);
			name = MovieTime;
			productName = MovieTime;
			productReference = 23F8812F19F57E0F00D82431 /* MovieTime.app */;
			productType = "com.apple.product-type.application";
		};
		23F8814719F57E0F00D82431 /* MovieTimeTests */ = {
			isa = PBXNativeTarget;
			buildConfigurationList = 23F8815519F57E0F00D82431 /* Build configuration list for PBXNativeTarget "MovieTimeTests" */;
			buildPhases = (
				23F8814419F57E0F00D82431 /* Sources */,
				23F8814519F57E0F00D82431 /* Frameworks */,
				23F8814619F57E0F00D82431 /* Resources */,
			);
			buildRules = (
			);
			dependencies = (
				23F8814A19F57E0F00D82431 /* PBXTargetDependency */,
			);
			name = MovieTimeTests;
			productName = MovieTimeTests;
			productReference = 23F8814819F57E0F00D82431 /* MovieTimeTests.xctest */;
			productType = "com.apple.product-type.bundle.unit-test";
		};
/* End PBXNativeTarget section */

/* Begin PBXProject section */
		23F8812719F57E0F00D82431 /* Project object */ = {
			isa = PBXProject;
			attributes = {
				LastUpgradeCheck = 0600;
				ORGANIZATIONNAME = ITESM;
				TargetAttributes = {
					23F8812E19F57E0F00D82431 = {
						CreatedOnToolsVersion = 6.0.1;
					};
					23F8814719F57E0F00D82431 = {
						CreatedOnToolsVersion = 6.0.1;
						TestTargetID = 23F8812E19F57E0F00D82431;
					};
				};
			};
			buildConfigurationList = 23F8812A19F57E0F00D82431 /* Build configuration list for PBXProject "MovieTime" */;
			compatibilityVersion = "Xcode 3.2";
			developmentRegion = English;
			hasScannedForEncodings = 0;
			knownRegions = (
				en,
				Base,
			);
			mainGroup = 23F8812619F57E0F00D82431;
			productRefGroup = 23F8813019F57E0F00D82431 /* Products */;
			projectDirPath = "";
			projectRoot = "";
			targets = (
				23F8812E19F57E0F00D82431 /* MovieTime */,
				23F8814719F57E0F00D82431 /* MovieTimeTests */,
			);
		};
/* End PBXProject section */

/* Begin PBXResourcesBuildPhase section */
		23F8812D19F57E0F00D82431 /* Resources */ = {
			isa = PBXResourcesBuildPhase;
			buildActionMask = 2147483647;
			files = (
				23F8813E19F57E0F00D82431 /* Login.storyboard in Resources */,
				23F8814319F57E0F00D82431 /* LaunchScreen.xib in Resources */,
				2001D96419FAB51B0028605D /* Test.storyboard in Resources */,
				204ADB9119FDAC9F006652B6 /* Main.storyboard in Resources */,
				23F8814019F57E0F00D82431 /* Images.xcassets in Resources */,
				204ADB8C19FDABF5006652B6 /* Movies.storyboard in Resources */,
			);
			runOnlyForDeploymentPostprocessing = 0;
		};
		23F8814619F57E0F00D82431 /* Resources */ = {
			isa = PBXResourcesBuildPhase;
			buildActionMask = 2147483647;
			files = (
			);
			runOnlyForDeploymentPostprocessing = 0;
		};
/* End PBXResourcesBuildPhase section */

/* Begin PBXSourcesBuildPhase section */
		23F8812B19F57E0F00D82431 /* Sources */ = {
			isa = PBXSourcesBuildPhase;
			buildActionMask = 2147483647;
			files = (
				204ADB9A19FDAF23006652B6 /* ExploreViewController.m in Sources */,
				23F8815D19F5898B00D82431 /* LoginViewController.m in Sources */,
				204ADB9719FDAF15006652B6 /* ListsViewController.m in Sources */,
				204ADB9D19FDAF2E006652B6 /* SettingsViewController.m in Sources */,
				23F8813819F57E0F00D82431 /* AppDelegate.m in Sources */,
				204ADB8F19FDAC07006652B6 /* MoviesViewController.m in Sources */,
				23F8813519F57E0F00D82431 /* main.m in Sources */,
				2001D96719FAB5B90028605D /* TestViewController.m in Sources */,
				204ADB9419FDAF03006652B6 /* HomeViewController.m in Sources */,
			);
			runOnlyForDeploymentPostprocessing = 0;
		};
		23F8814419F57E0F00D82431 /* Sources */ = {
			isa = PBXSourcesBuildPhase;
			buildActionMask = 2147483647;
			files = (
				23F8814F19F57E0F00D82431 /* MovieTimeTests.m in Sources */,
			);
			runOnlyForDeploymentPostprocessing = 0;
		};
/* End PBXSourcesBuildPhase section */

/* Begin PBXTargetDependency section */
		23F8814A19F57E0F00D82431 /* PBXTargetDependency */ = {
			isa = PBXTargetDependency;
			target = 23F8812E19F57E0F00D82431 /* MovieTime */;
			targetProxy = 23F8814919F57E0F00D82431 /* PBXContainerItemProxy */;
		};
/* End PBXTargetDependency section */

/* Begin PBXVariantGroup section */
		23F8813C19F57E0F00D82431 /* Login.storyboard */ = {
			isa = PBXVariantGroup;
			children = (
				23F8813D19F57E0F00D82431 /* Base */,
			);
			name = Login.storyboard;
			sourceTree = "<group>";
		};
		23F8814119F57E0F00D82431 /* LaunchScreen.xib */ = {
			isa = PBXVariantGroup;
			children = (
				23F8814219F57E0F00D82431 /* Base */,
			);
			name = LaunchScreen.xib;
			sourceTree = "<group>";
		};
/* End PBXVariantGroup section */

/* Begin XCBuildConfiguration section */
		23F8815019F57E0F00D82431 /* Debug */ = {
			isa = XCBuildConfiguration;
			buildSettings = {
				ALWAYS_SEARCH_USER_PATHS = NO;
				CLANG_CXX_LANGUAGE_STANDARD = "gnu++0x";
				CLANG_CXX_LIBRARY = "libc++";
				CLANG_ENABLE_MODULES = YES;
				CLANG_ENABLE_OBJC_ARC = YES;
				CLANG_WARN_BOOL_CONVERSION = YES;
				CLANG_WARN_CONSTANT_CONVERSION = YES;
				CLANG_WARN_DIRECT_OBJC_ISA_USAGE = YES_ERROR;
				CLANG_WARN_EMPTY_BODY = YES;
				CLANG_WARN_ENUM_CONVERSION = YES;
				CLANG_WARN_INT_CONVERSION = YES;
				CLANG_WARN_OBJC_ROOT_CLASS = YES_ERROR;
				CLANG_WARN_UNREACHABLE_CODE = YES;
				CLANG_WARN__DUPLICATE_METHOD_MATCH = YES;
				"CODE_SIGN_IDENTITY[sdk=iphoneos*]" = "iPhone Developer";
				COPY_PHASE_STRIP = NO;
				ENABLE_STRICT_OBJC_MSGSEND = YES;
				GCC_C_LANGUAGE_STANDARD = gnu99;
				GCC_DYNAMIC_NO_PIC = NO;
				GCC_OPTIMIZATION_LEVEL = 0;
				GCC_PREPROCESSOR_DEFINITIONS = (
					"DEBUG=1",
					"$(inherited)",
				);
				GCC_SYMBOLS_PRIVATE_EXTERN = NO;
				GCC_WARN_64_TO_32_BIT_CONVERSION = YES;
				GCC_WARN_ABOUT_RETURN_TYPE = YES_ERROR;
				GCC_WARN_UNDECLARED_SELECTOR = YES;
				GCC_WARN_UNINITIALIZED_AUTOS = YES_AGGRESSIVE;
				GCC_WARN_UNUSED_FUNCTION = YES;
				GCC_WARN_UNUSED_VARIABLE = YES;
				IPHONEOS_DEPLOYMENT_TARGET = 8.0;
				MTL_ENABLE_DEBUG_INFO = YES;
				ONLY_ACTIVE_ARCH = YES;
				SDKROOT = iphoneos;
			};
			name = Debug;
		};
		23F8815119F57E0F00D82431 /* Release */ = {
			isa = XCBuildConfiguration;
			buildSettings = {
				ALWAYS_SEARCH_USER_PATHS = NO;
				CLANG_CXX_LANGUAGE_STANDARD = "gnu++0x";
				CLANG_CXX_LIBRARY = "libc++";
				CLANG_ENABLE_MODULES = YES;
				CLANG_ENABLE_OBJC_ARC = YES;
				CLANG_WARN_BOOL_CONVERSION = YES;
				CLANG_WARN_CONSTANT_CONVERSION = YES;
				CLANG_WARN_DIRECT_OBJC_ISA_USAGE = YES_ERROR;
				CLANG_WARN_EMPTY_BODY = YES;
				CLANG_WARN_ENUM_CONVERSION = YES;
				CLANG_WARN_INT_CONVERSION = YES;
				CLANG_WARN_OBJC_ROOT_CLASS = YES_ERROR;
				CLANG_WARN_UNREACHABLE_CODE = YES;
				CLANG_WARN__DUPLICATE_METHOD_MATCH = YES;
				"CODE_SIGN_IDENTITY[sdk=iphoneos*]" = "iPhone Developer";
				COPY_PHASE_STRIP = YES;
				ENABLE_NS_ASSERTIONS = NO;
				ENABLE_STRICT_OBJC_MSGSEND = YES;
				GCC_C_LANGUAGE_STANDARD = gnu99;
				GCC_WARN_64_TO_32_BIT_CONVERSION = YES;
				GCC_WARN_ABOUT_RETURN_TYPE = YES_ERROR;
				GCC_WARN_UNDECLARED_SELECTOR = YES;
				GCC_WARN_UNINITIALIZED_AUTOS = YES_AGGRESSIVE;
				GCC_WARN_UNUSED_FUNCTION = YES;
				GCC_WARN_UNUSED_VARIABLE = YES;
				IPHONEOS_DEPLOYMENT_TARGET = 8.0;
				MTL_ENABLE_DEBUG_INFO = NO;
				SDKROOT = iphoneos;
				VALIDATE_PRODUCT = YES;
			};
			name = Release;
		};
		23F8815319F57E0F00D82431 /* Debug */ = {
			isa = XCBuildConfiguration;
			buildSettings = {
				ASSETCATALOG_COMPILER_APPICON_NAME = AppIcon;
				INFOPLIST_FILE = MovieTime/Info.plist;
				LD_RUNPATH_SEARCH_PATHS = "$(inherited) @executable_path/Frameworks";
				PRODUCT_NAME = "$(TARGET_NAME)";
			};
			name = Debug;
		};
		23F8815419F57E0F00D82431 /* Release */ = {
			isa = XCBuildConfiguration;
			buildSettings = {
				ASSETCATALOG_COMPILER_APPICON_NAME = AppIcon;
				INFOPLIST_FILE = MovieTime/Info.plist;
				LD_RUNPATH_SEARCH_PATHS = "$(inherited) @executable_path/Frameworks";
				PRODUCT_NAME = "$(TARGET_NAME)";
			};
			name = Release;
		};
		23F8815619F57E0F00D82431 /* Debug */ = {
			isa = XCBuildConfiguration;
			buildSettings = {
				BUNDLE_LOADER = "$(TEST_HOST)";
				FRAMEWORK_SEARCH_PATHS = (
					"$(SDKROOT)/Developer/Library/Frameworks",
					"$(inherited)",
				);
				GCC_PREPROCESSOR_DEFINITIONS = (
					"DEBUG=1",
					"$(inherited)",
				);
				INFOPLIST_FILE = MovieTimeTests/Info.plist;
				LD_RUNPATH_SEARCH_PATHS = "$(inherited) @executable_path/Frameworks @loader_path/Frameworks";
				PRODUCT_NAME = "$(TARGET_NAME)";
				TEST_HOST = "$(BUILT_PRODUCTS_DIR)/MovieTime.app/MovieTime";
			};
			name = Debug;
		};
		23F8815719F57E0F00D82431 /* Release */ = {
			isa = XCBuildConfiguration;
			buildSettings = {
				BUNDLE_LOADER = "$(TEST_HOST)";
				FRAMEWORK_SEARCH_PATHS = (
					"$(SDKROOT)/Developer/Library/Frameworks",
					"$(inherited)",
				);
				INFOPLIST_FILE = MovieTimeTests/Info.plist;
				LD_RUNPATH_SEARCH_PATHS = "$(inherited) @executable_path/Frameworks @loader_path/Frameworks";
				PRODUCT_NAME = "$(TARGET_NAME)";
				TEST_HOST = "$(BUILT_PRODUCTS_DIR)/MovieTime.app/MovieTime";
			};
			name = Release;
		};
/* End XCBuildConfiguration section */

/* Begin XCConfigurationList section */
		23F8812A19F57E0F00D82431 /* Build configuration list for PBXProject "MovieTime" */ = {
			isa = XCConfigurationList;
			buildConfigurations = (
				23F8815019F57E0F00D82431 /* Debug */,
				23F8815119F57E0F00D82431 /* Release */,
			);
			defaultConfigurationIsVisible = 0;
			defaultConfigurationName = Release;
		};
		23F8815219F57E0F00D82431 /* Build configuration list for PBXNativeTarget "MovieTime" */ = {
			isa = XCConfigurationList;
			buildConfigurations = (
				23F8815319F57E0F00D82431 /* Debug */,
				23F8815419F57E0F00D82431 /* Release */,
			);
			defaultConfigurationIsVisible = 0;
			defaultConfigurationName = Release;
		};
		23F8815519F57E0F00D82431 /* Build configuration list for PBXNativeTarget "MovieTimeTests" */ = {
			isa = XCConfigurationList;
			buildConfigurations = (
				23F8815619F57E0F00D82431 /* Debug */,
				23F8815719F57E0F00D82431 /* Release */,
			);
			defaultConfigurationIsVisible = 0;
			defaultConfigurationName = Release;
		};
/* End XCConfigurationList section */
	};
	rootObject = 23F8812719F57E0F00D82431 /* Project object */;
}
